
Microsoft Visual Studio Solution File, Format Version 12.00
# Visual Studio Version 16
VisualStudioVersion = 25.0.1705.7
MinimumVisualStudioVersion = 10.0.40219.1
Project("{FAE04EC0-301F-11D3-BF4B-00C04F79EFBC}") = "DesignAStack", "DesignAStack\DesignAStack.csproj", "{E27CD663-D1BA-4629-9186-FB2CE8D8CDC5}"
EndProject
Global
	GlobalSection(SolutionConfigurationPlatforms) = preSolution
		Debug|Any CPU = Debug|Any CPU
		Release|Any CPU = Release|Any CPU
	EndGlobalSection
	GlobalSection(ProjectConfigurationPlatforms) = postSolution
		{E27CD663-D1BA-4629-9186-FB2CE8D8CDC5}.Debug|Any CPU.ActiveCfg = Debug|Any CPU
		{E27CD663-D1BA-4629-9186-FB2CE8D8CDC5}.Debug|Any CPU.Build.0 = Debug|Any CPU
		{E27CD663-D1BA-4629-9186-FB2CE8D8CDC5}.Release|Any CPU.ActiveCfg = Release|Any CPU
		{E27CD663-D1BA-4629-9186-FB2CE8D8CDC5}.Release|Any CPU.Build.0 = Release|Any CPU
	EndGlobalSection
	GlobalSection(SolutionProperties) = preSolution
		HideSolutionNode = FALSE
	EndGlobalSection
	GlobalSection(ExtensibilityGlobals) = postSolution
		SolutionGuid = {72689B28-4771-4BC0-BE4D-058B1CEFFC2B}
	EndGlobalSection
EndGlobal
